
Microsoft Visual Studio Solution File, Format Version 12.00
# Visual Studio Version 16
VisualStudioVersion = 16.0.32510.428
MinimumVisualStudioVersion = 10.0.40219.1
Project("{FAE04EC0-301F-11D3-BF4B-00C04F79EFBC}") = "Linqu_2", "Linqu_2.csproj", "{AAC4C39A-2660-4280-AA71-2D56CD1C3016}"
EndProject
Global
	GlobalSection(SolutionConfigurationPlatforms) = preSolution
		Debug|Any CPU = Debug|Any CPU
		Release|Any CPU = Release|Any CPU
	EndGlobalSection
	GlobalSection(ProjectConfigurationPlatforms) = postSolution
		{AAC4C39A-2660-4280-AA71-2D56CD1C3016}.Debug|Any CPU.ActiveCfg = Debug|Any CPU
		{AAC4C39A-2660-4280-AA71-2D56CD1C3016}.Debug|Any CPU.Build.0 = Debug|Any CPU
		{AAC4C39A-2660-4280-AA71-2D56CD1C3016}.Release|Any CPU.ActiveCfg = Release|Any CPU
		{AAC4C39A-2660-4280-AA71-2D56CD1C3016}.Release|Any CPU.Build.0 = Release|Any CPU
	EndGlobalSection
	GlobalSection(SolutionProperties) = preSolution
		HideSolutionNode = FALSE
	EndGlobalSection
	GlobalSection(ExtensibilityGlobals) = postSolution
		SolutionGuid = {AA22368A-51E8-4965-8550-0E295CFDA1DC}
	EndGlobalSection
EndGlobal
